// !$*UTF8*$!
{
	archiveVersion = 1;
	classes = {
	};
	objectVersion = 51;
	objects = {

/* Begin PBXBuildFile section */
		2EA01E7923B5608300B38C64 /* AppDelegate.swift in Sources */ = {isa = PBXBuildFile; fileRef = 2EA01E7823B5608300B38C64 /* AppDelegate.swift */; };
		2EA01E7D23B5608300B38C64 /* ViewController.swift in Sources */ = {isa = PBXBuildFile; fileRef = 2EA01E7C23B5608300B38C64 /* ViewController.swift */; };
		2EA01E8023B5608300B38C64 /* Main.storyboard in Resources */ = {isa = PBXBuildFile; fileRef = 2EA01E7E23B5608300B38C64 /* Main.storyboard */; };
		2EA01E8223B5608400B38C64 /* Assets.xcassets in Resources */ = {isa = PBXBuildFile; fileRef = 2EA01E8123B5608400B38C64 /* Assets.xcassets */; };
		2EA01E8523B5608400B38C64 /* LaunchScreen.storyboard in Resources */ = {isa = PBXBuildFile; fileRef = 2EA01E8323B5608400B38C64 /* LaunchScreen.storyboard */; };
		2EA01E9023B5608400B38C64 /* uFailTests.swift in Sources */ = {isa = PBXBuildFile; fileRef = 2EA01E8F23B5608400B38C64 /* uFailTests.swift */; };
		2EA01E9B23B5608400B38C64 /* uFailUITests.swift in Sources */ = {isa = PBXBuildFile; fileRef = 2EA01E9A23B5608400B38C64 /* uFailUITests.swift */; };
		2EEA9ED784885BB12A72D550 /* Pods_uFailTests.framework in Frameworks */ = {isa = PBXBuildFile; fileRef = DF4BD1678D5C52C41E44AEBC /* Pods_uFailTests.framework */; };
		FB69F60FC67C7182C456EB87 /* Pods_uFail.framework in Frameworks */ = {isa = PBXBuildFile; fileRef = 7CD0B85C52D3DA7DBE4F4CD0 /* Pods_uFail.framework */; };
/* End PBXBuildFile section */

/* Begin PBXContainerItemProxy section */
		2EA01E8C23B5608400B38C64 /* PBXContainerItemProxy */ = {
			isa = PBXContainerItemProxy;
			containerPortal = 2EA01E6D23B5608300B38C64 /* Project object */;
			proxyType = 1;
			remoteGlobalIDString = 2EA01E7423B5608300B38C64;
			remoteInfo = uFail;
		};
		2EA01E9723B5608400B38C64 /* PBXContainerItemProxy */ = {
			isa = PBXContainerItemProxy;
			containerPortal = 2EA01E6D23B5608300B38C64 /* Project object */;
			proxyType = 1;
			remoteGlobalIDString = 2EA01E7423B5608300B38C64;
			remoteInfo = uFail;
		};
/* End PBXContainerItemProxy section */

/* Begin PBXFileReference section */
		2EA01E7523B5608300B38C64 /* uFail.app */ = {isa = PBXFileReference; explicitFileType = wrapper.application; includeInIndex = 0; path = uFail.app; sourceTree = BUILT_PRODUCTS_DIR; };
		2EA01E7823B5608300B38C64 /* AppDelegate.swift */ = {isa = PBXFileReference; lastKnownFileType = sourcecode.swift; path = AppDelegate.swift; sourceTree = "<group>"; };
		2EA01E7C23B5608300B38C64 /* ViewController.swift */ = {isa = PBXFileReference; lastKnownFileType = sourcecode.swift; path = ViewController.swift; sourceTree = "<group>"; };
		2EA01E7F23B5608300B38C64 /* Base */ = {isa = PBXFileReference; lastKnownFileType = file.storyboard; name = Base; path = Base.lproj/Main.storyboard; sourceTree = "<group>"; };
		2EA01E8123B5608400B38C64 /* Assets.xcassets */ = {isa = PBXFileReference; lastKnownFileType = folder.assetcatalog; path = Assets.xcassets; sourceTree = "<group>"; };
		2EA01E8423B5608400B38C64 /* Base */ = {isa = PBXFileReference; lastKnownFileType = file.storyboard; name = Base; path = Base.lproj/LaunchScreen.storyboard; sourceTree = "<group>"; };
		2EA01E8623B5608400B38C64 /* Info.plist */ = {isa = PBXFileReference; lastKnownFileType = text.plist.xml; path = Info.plist; sourceTree = "<group>"; };
		2EA01E8B23B5608400B38C64 /* uFailTests.xctest */ = {isa = PBXFileReference; explicitFileType = wrapper.cfbundle; includeInIndex = 0; path = uFailTests.xctest; sourceTree = BUILT_PRODUCTS_DIR; };
		2EA01E8F23B5608400B38C64 /* uFailTests.swift */ = {isa = PBXFileReference; lastKnownFileType = sourcecode.swift; path = uFailTests.swift; sourceTree = "<group>"; };
		2EA01E9123B5608400B38C64 /* Info.plist */ = {isa = PBXFileReference; lastKnownFileType = text.plist.xml; path = Info.plist; sourceTree = "<group>"; };
		2EA01E9623B5608400B38C64 /* uFailUITests.xctest */ = {isa = PBXFileReference; explicitFileType = wrapper.cfbundle; includeInIndex = 0; path = uFailUITests.xctest; sourceTree = BUILT_PRODUCTS_DIR; };
		2EA01E9A23B5608400B38C64 /* uFailUITests.swift */ = {isa = PBXFileReference; lastKnownFileType = sourcecode.swift; path = uFailUITests.swift; sourceTree = "<group>"; };
		2EA01E9C23B5608400B38C64 /* Info.plist */ = {isa = PBXFileReference; lastKnownFileType = text.plist.xml; path = Info.plist; sourceTree = "<group>"; };
		49E26C975EA715258286D4A0 /* Pods-uFailTests.debug.xcconfig */ = {isa = PBXFileReference; includeInIndex = 1; lastKnownFileType = text.xcconfig; name = "Pods-uFailTests.debug.xcconfig"; path = "Target Support Files/Pods-uFailTests/Pods-uFailTests.debug.xcconfig"; sourceTree = "<group>"; };
		7CD0B85C52D3DA7DBE4F4CD0 /* Pods_uFail.framework */ = {isa = PBXFileReference; explicitFileType = wrapper.framework; includeInIndex = 0; path = Pods_uFail.framework; sourceTree = BUILT_PRODUCTS_DIR; };
		84F406B4C48A2FE0D70C7007 /* Pods-uFailTests.release.xcconfig */ = {isa = PBXFileReference; includeInIndex = 1; lastKnownFileType = text.xcconfig; name = "Pods-uFailTests.release.xcconfig"; path = "Target Support Files/Pods-uFailTests/Pods-uFailTests.release.xcconfig"; sourceTree = "<group>"; };
		DF4BD1678D5C52C41E44AEBC /* Pods_uFailTests.framework */ = {isa = PBXFileReference; explicitFileType = wrapper.framework; includeInIndex = 0; path = Pods_uFailTests.framework; sourceTree = BUILT_PRODUCTS_DIR; };
		EA5F98FB927BAA08AD77703B /* Pods-uFail.release.xcconfig */ = {isa = PBXFileReference; includeInIndex = 1; lastKnownFileType = text.xcconfig; name = "Pods-uFail.release.xcconfig"; path = "Target Support Files/Pods-uFail/Pods-uFail.release.xcconfig"; sourceTree = "<group>"; };
		EBEAC0BDA4A9977B8049E498 /* Pods-uFail.debug.xcconfig */ = {isa = PBXFileReference; includeInIndex = 1; lastKnownFileType = text.xcconfig; name = "Pods-uFail.debug.xcconfig"; path = "Target Support Files/Pods-uFail/Pods-uFail.debug.xcconfig"; sourceTree = "<group>"; };
/* End PBXFileReference section */

/* Begin PBXFrameworksBuildPhase section */
		2EA01E7223B5608300B38C64 /* Frameworks */ = {
			isa = PBXFrameworksBuildPhase;
			buildActionMask = 2147483647;
			files = (
				FB69F60FC67C7182C456EB87 /* Pods_uFail.framework in Frameworks */,
			);
			runOnlyForDeploymentPostprocessing = 0;
		};
		2EA01E8823B5608400B38C64 /* Frameworks */ = {
			isa = PBXFrameworksBuildPhase;
			buildActionMask = 2147483647;
			files = (
				2EEA9ED784885BB12A72D550 /* Pods_uFailTests.framework in Frameworks */,
			);
			runOnlyForDeploymentPostprocessing = 0;
		};
		2EA01E9323B5608400B38C64 /* Frameworks */ = {
			isa = PBXFrameworksBuildPhase;
			buildActionMask = 2147483647;
			files = (
			);
			runOnlyForDeploymentPostprocessing = 0;
		};
/* End PBXFrameworksBuildPhase section */

/* Begin PBXGroup section */
		2EA01E6C23B5608300B38C64 = {
			isa = PBXGroup;
			children = (
				2EA01E7723B5608300B38C64 /* uFail */,
				2EA01E8E23B5608400B38C64 /* uFailTests */,
				2EA01E9923B5608400B38C64 /* uFailUITests */,
				2EA01E7623B5608300B38C64 /* Products */,
				B22FCFA1D8D3B18B1F5A48AE /* Pods */,
				5767D7FFF992EFA08E02729D /* Frameworks */,
			);
			sourceTree = "<group>";
		};
		2EA01E7623B5608300B38C64 /* Products */ = {
			isa = PBXGroup;
			children = (
				2EA01E7523B5608300B38C64 /* uFail.app */,
				2EA01E8B23B5608400B38C64 /* uFailTests.xctest */,
				2EA01E9623B5608400B38C64 /* uFailUITests.xctest */,
			);
			name = Products;
			sourceTree = "<group>";
		};
		2EA01E7723B5608300B38C64 /* uFail */ = {
			isa = PBXGroup;
			children = (
				2EA01EAB23B561AA00B38C64 /* Other */,
				2EA01EA923B5618300B38C64 /* Resources */,
				2EA01EA823B5617A00B38C64 /* Classes */,
				2EA01E8123B5608400B38C64 /* Assets.xcassets */,
				2EA01E8623B5608400B38C64 /* Info.plist */,
			);
			path = uFail;
			sourceTree = "<group>";
		};
		2EA01E8E23B5608400B38C64 /* uFailTests */ = {
			isa = PBXGroup;
			children = (
				2EA01E8F23B5608400B38C64 /* uFailTests.swift */,
				2EA01E9123B5608400B38C64 /* Info.plist */,
			);
			path = uFailTests;
			sourceTree = "<group>";
		};
		2EA01E9923B5608400B38C64 /* uFailUITests */ = {
			isa = PBXGroup;
			children = (
				2EA01E9A23B5608400B38C64 /* uFailUITests.swift */,
				2EA01E9C23B5608400B38C64 /* Info.plist */,
			);
			path = uFailUITests;
			sourceTree = "<group>";
		};
		2EA01EA823B5617A00B38C64 /* Classes */ = {
			isa = PBXGroup;
			children = (
				2EA01EAE23B561CB00B38C64 /* Other */,
				2EA01EAD23B561C100B38C64 /* Handlers */,
				2EA01EAC23B561B700B38C64 /* ViewControllers */,
			);
			path = Classes;
			sourceTree = "<group>";
		};
		2EA01EA923B5618300B38C64 /* Resources */ = {
			isa = PBXGroup;
			children = (
				2EA01EAA23B5619400B38C64 /* Views + Storyboards */,
			);
			path = Resources;
			sourceTree = "<group>";
		};
		2EA01EAA23B5619400B38C64 /* Views + Storyboards */ = {
			isa = PBXGroup;
			children = (
				2EA01E7E23B5608300B38C64 /* Main.storyboard */,
				2EA01E8323B5608400B38C64 /* LaunchScreen.storyboard */,
			);
			path = "Views + Storyboards";
			sourceTree = "<group>";
		};
		2EA01EAB23B561AA00B38C64 /* Other */ = {
			isa = PBXGroup;
			children = (
			);
			path = Other;
			sourceTree = "<group>";
		};
		2EA01EAC23B561B700B38C64 /* ViewControllers */ = {
			isa = PBXGroup;
			children = (
				2EA01E7C23B5608300B38C64 /* ViewController.swift */,
			);
			path = ViewControllers;
			sourceTree = "<group>";
		};
		2EA01EAD23B561C100B38C64 /* Handlers */ = {
			isa = PBXGroup;
			children = (
			);
			path = Handlers;
			sourceTree = "<group>";
		};
		2EA01EAE23B561CB00B38C64 /* Other */ = {
			isa = PBXGroup;
			children = (
				2EA01E7823B5608300B38C64 /* AppDelegate.swift */,
			);
			path = Other;
			sourceTree = "<group>";
		};
		5767D7FFF992EFA08E02729D /* Frameworks */ = {
			isa = PBXGroup;
			children = (
				7CD0B85C52D3DA7DBE4F4CD0 /* Pods_uFail.framework */,
				DF4BD1678D5C52C41E44AEBC /* Pods_uFailTests.framework */,
			);
			name = Frameworks;
			sourceTree = "<group>";
		};
		B22FCFA1D8D3B18B1F5A48AE /* Pods */ = {
			isa = PBXGroup;
			children = (
				EBEAC0BDA4A9977B8049E498 /* Pods-uFail.debug.xcconfig */,
				EA5F98FB927BAA08AD77703B /* Pods-uFail.release.xcconfig */,
				49E26C975EA715258286D4A0 /* Pods-uFailTests.debug.xcconfig */,
				84F406B4C48A2FE0D70C7007 /* Pods-uFailTests.release.xcconfig */,
			);
			path = Pods;
			sourceTree = "<group>";
		};
/* End PBXGroup section */

/* Begin PBXNativeTarget section */
		2EA01E7423B5608300B38C64 /* uFail */ = {
			isa = PBXNativeTarget;
			buildConfigurationList = 2EA01E9F23B5608400B38C64 /* Build configuration list for PBXNativeTarget "uFail" */;
			buildPhases = (
				9FEE58F45FD02F85C22ECF74 /* [CP] Check Pods Manifest.lock */,
				2EA01E7123B5608300B38C64 /* Sources */,
				2EA01E7223B5608300B38C64 /* Frameworks */,
				2EA01E7323B5608300B38C64 /* Resources */,
				C24CBA561979450F28FAE4AE /* [CP] Embed Pods Frameworks */,
			);
			buildRules = (
			);
			dependencies = (
			);
			name = uFail;
			productName = uFail;
			productReference = 2EA01E7523B5608300B38C64 /* uFail.app */;
			productType = "com.apple.product-type.application";
		};
		2EA01E8A23B5608400B38C64 /* uFailTests */ = {
			isa = PBXNativeTarget;
			buildConfigurationList = 2EA01EA223B5608400B38C64 /* Build configuration list for PBXNativeTarget "uFailTests" */;
			buildPhases = (
				1E843098D2C9A9E13701A3F8 /* [CP] Check Pods Manifest.lock */,
				2EA01E8723B5608400B38C64 /* Sources */,
				2EA01E8823B5608400B38C64 /* Frameworks */,
				2EA01E8923B5608400B38C64 /* Resources */,
			);
			buildRules = (
			);
			dependencies = (
				2EA01E8D23B5608400B38C64 /* PBXTargetDependency */,
			);
			name = uFailTests;
			productName = uFailTests;
			productReference = 2EA01E8B23B5608400B38C64 /* uFailTests.xctest */;
			productType = "com.apple.product-type.bundle.unit-test";
		};
		2EA01E9523B5608400B38C64 /* uFailUITests */ = {
			isa = PBXNativeTarget;
			buildConfigurationList = 2EA01EA523B5608400B38C64 /* Build configuration list for PBXNativeTarget "uFailUITests" */;
			buildPhases = (
				2EA01E9223B5608400B38C64 /* Sources */,
				2EA01E9323B5608400B38C64 /* Frameworks */,
				2EA01E9423B5608400B38C64 /* Resources */,
			);
			buildRules = (
			);
			dependencies = (
				2EA01E9823B5608400B38C64 /* PBXTargetDependency */,
			);
			name = uFailUITests;
			productName = uFailUITests;
			productReference = 2EA01E9623B5608400B38C64 /* uFailUITests.xctest */;
			productType = "com.apple.product-type.bundle.ui-testing";
		};
/* End PBXNativeTarget section */

/* Begin PBXProject section */
		2EA01E6D23B5608300B38C64 /* Project object */ = {
			isa = PBXProject;
			attributes = {
				LastSwiftUpdateCheck = 1130;
				LastUpgradeCheck = 1130;
				ORGANIZATIONNAME = "Matthew Jagiela";
				TargetAttributes = {
					2EA01E7423B5608300B38C64 = {
						CreatedOnToolsVersion = 11.3;
					};
					2EA01E8A23B5608400B38C64 = {
						CreatedOnToolsVersion = 11.3;
						TestTargetID = 2EA01E7423B5608300B38C64;
					};
					2EA01E9523B5608400B38C64 = {
						CreatedOnToolsVersion = 11.3;
						TestTargetID = 2EA01E7423B5608300B38C64;
					};
				};
			};
			buildConfigurationList = 2EA01E7023B5608300B38C64 /* Build configuration list for PBXProject "uFail" */;
			compatibilityVersion = "Xcode 9.3";
			developmentRegion = en;
			hasScannedForEncodings = 0;
			knownRegions = (
				en,
				Base,
			);
			mainGroup = 2EA01E6C23B5608300B38C64;
			productRefGroup = 2EA01E7623B5608300B38C64 /* Products */;
			projectDirPath = "";
			projectRoot = "";
			targets = (
				2EA01E7423B5608300B38C64 /* uFail */,
				2EA01E8A23B5608400B38C64 /* uFailTests */,
				2EA01E9523B5608400B38C64 /* uFailUITests */,
			);
		};
/* End PBXProject section */

/* Begin PBXResourcesBuildPhase section */
		2EA01E7323B5608300B38C64 /* Resources */ = {
			isa = PBXResourcesBuildPhase;
			buildActionMask = 2147483647;
			files = (
				2EA01E8523B5608400B38C64 /* LaunchScreen.storyboard in Resources */,
				2EA01E8223B5608400B38C64 /* Assets.xcassets in Resources */,
				2EA01E8023B5608300B38C64 /* Main.storyboard in Resources */,
			);
			runOnlyForDeploymentPostprocessing = 0;
		};
		2EA01E8923B5608400B38C64 /* Resources */ = {
			isa = PBXResourcesBuildPhase;
			buildActionMask = 2147483647;
			files = (
			);
			runOnlyForDeploymentPostprocessing = 0;
		};
		2EA01E9423B5608400B38C64 /* Resources */ = {
			isa = PBXResourcesBuildPhase;
			buildActionMask = 2147483647;
			files = (
			);
			runOnlyForDeploymentPostprocessing = 0;
		};
/* End PBXResourcesBuildPhase section */

/* Begin PBXShellScriptBuildPhase section */
		1E843098D2C9A9E13701A3F8 /* [CP] Check Pods Manifest.lock */ = {
			isa = PBXShellScriptBuildPhase;
			buildActionMask = 2147483647;
			files = (
			);
			inputFileListPaths = (
			);
			inputPaths = (
				"${PODS_PODFILE_DIR_PATH}/Podfile.lock",
				"${PODS_ROOT}/Manifest.lock",
			);
			name = "[CP] Check Pods Manifest.lock";
			outputFileListPaths = (
			);
			outputPaths = (
				"$(DERIVED_FILE_DIR)/Pods-uFailTests-checkManifestLockResult.txt",
			);
			runOnlyForDeploymentPostprocessing = 0;
			shellPath = /bin/sh;
			shellScript = "diff \"${PODS_PODFILE_DIR_PATH}/Podfile.lock\" \"${PODS_ROOT}/Manifest.lock\" > /dev/null\nif [ $? != 0 ] ; then\n    # print error to STDERR\n    echo \"error: The sandbox is not in sync with the Podfile.lock. Run 'pod install' or update your CocoaPods installation.\" >&2\n    exit 1\nfi\n# This output is used by Xcode 'outputs' to avoid re-running this script phase.\necho \"SUCCESS\" > \"${SCRIPT_OUTPUT_FILE_0}\"\n";
			showEnvVarsInLog = 0;
		};
		9FEE58F45FD02F85C22ECF74 /* [CP] Check Pods Manifest.lock */ = {
			isa = PBXShellScriptBuildPhase;
			buildActionMask = 2147483647;
			files = (
			);
			inputFileListPaths = (
			);
			inputPaths = (
				"${PODS_PODFILE_DIR_PATH}/Podfile.lock",
				"${PODS_ROOT}/Manifest.lock",
			);
			name = "[CP] Check Pods Manifest.lock";
			outputFileListPaths = (
			);
			outputPaths = (
				"$(DERIVED_FILE_DIR)/Pods-uFail-checkManifestLockResult.txt",
			);
			runOnlyForDeploymentPostprocessing = 0;
			shellPath = /bin/sh;
			shellScript = "diff \"${PODS_PODFILE_DIR_PATH}/Podfile.lock\" \"${PODS_ROOT}/Manifest.lock\" > /dev/null\nif [ $? != 0 ] ; then\n    # print error to STDERR\n    echo \"error: The sandbox is not in sync with the Podfile.lock. Run 'pod install' or update your CocoaPods installation.\" >&2\n    exit 1\nfi\n# This output is used by Xcode 'outputs' to avoid re-running this script phase.\necho \"SUCCESS\" > \"${SCRIPT_OUTPUT_FILE_0}\"\n";
			showEnvVarsInLog = 0;
		};
		C24CBA561979450F28FAE4AE /* [CP] Embed Pods Frameworks */ = {
			isa = PBXShellScriptBuildPhase;
			buildActionMask = 2147483647;
			files = (
			);
			inputFileListPaths = (
				"${PODS_ROOT}/Target Support Files/Pods-uFail/Pods-uFail-frameworks-${CONFIGURATION}-input-files.xcfilelist",
			);
			name = "[CP] Embed Pods Frameworks";
			outputFileListPaths = (
				"${PODS_ROOT}/Target Support Files/Pods-uFail/Pods-uFail-frameworks-${CONFIGURATION}-output-files.xcfilelist",
			);
			runOnlyForDeploymentPostprocessing = 0;
			shellPath = /bin/sh;
			shellScript = "\"${PODS_ROOT}/Target Support Files/Pods-uFail/Pods-uFail-frameworks.sh\"\n";
			showEnvVarsInLog = 0;
		};
/* End PBXShellScriptBuildPhase section */

/* Begin PBXSourcesBuildPhase section */
		2EA01E7123B5608300B38C64 /* Sources */ = {
			isa = PBXSourcesBuildPhase;
			buildActionMask = 2147483647;
			files = (
				2EA01E7D23B5608300B38C64 /* ViewController.swift in Sources */,
				2EA01E7923B5608300B38C64 /* AppDelegate.swift in Sources */,
			);
			runOnlyForDeploymentPostprocessing = 0;
		};
		2EA01E8723B5608400B38C64 /* Sources */ = {
			isa = PBXSourcesBuildPhase;
			buildActionMask = 2147483647;
			files = (
				2EA01E9023B5608400B38C64 /* uFailTests.swift in Sources */,
			);
			runOnlyForDeploymentPostprocessing = 0;
		};
		2EA01E9223B5608400B38C64 /* Sources */ = {
			isa = PBXSourcesBuildPhase;
			buildActionMask = 2147483647;
			files = (
				2EA01E9B23B5608400B38C64 /* uFailUITests.swift in Sources */,
			);
			runOnlyForDeploymentPostprocessing = 0;
		};
/* End PBXSourcesBuildPhase section */

/* Begin PBXTargetDependency section */
		2EA01E8D23B5608400B38C64 /* PBXTargetDependency */ = {
			isa = PBXTargetDependency;
			target = 2EA01E7423B5608300B38C64 /* uFail */;
			targetProxy = 2EA01E8C23B5608400B38C64 /* PBXContainerItemProxy */;
		};
		2EA01E9823B5608400B38C64 /* PBXTargetDependency */ = {
			isa = PBXTargetDependency;
			target = 2EA01E7423B5608300B38C64 /* uFail */;
			targetProxy = 2EA01E9723B5608400B38C64 /* PBXContainerItemProxy */;
		};
/* End PBXTargetDependency section */

/* Begin PBXVariantGroup section */
		2EA01E7E23B5608300B38C64 /* Main.storyboard */ = {
			isa = PBXVariantGroup;
			children = (
				2EA01E7F23B5608300B38C64 /* Base */,
			);
			name = Main.storyboard;
			sourceTree = "<group>";
		};
		2EA01E8323B5608400B38C64 /* LaunchScreen.storyboard */ = {
			isa = PBXVariantGroup;
			children = (
				2EA01E8423B5608400B38C64 /* Base */,
			);
			name = LaunchScreen.storyboard;
			sourceTree = "<group>";
		};
/* End PBXVariantGroup section */

/* Begin XCBuildConfiguration section */
		2EA01E9D23B5608400B38C64 /* Debug */ = {
			isa = XCBuildConfiguration;
			buildSettings = {
				ALWAYS_SEARCH_USER_PATHS = NO;
				CLANG_ANALYZER_NONNULL = YES;
				CLANG_ANALYZER_NUMBER_OBJECT_CONVERSION = YES_AGGRESSIVE;
				CLANG_CXX_LANGUAGE_STANDARD = "gnu++14";
				CLANG_CXX_LIBRARY = "libc++";
				CLANG_ENABLE_MODULES = YES;
				CLANG_ENABLE_OBJC_ARC = YES;
				CLANG_ENABLE_OBJC_WEAK = YES;
				CLANG_WARN_BLOCK_CAPTURE_AUTORELEASING = YES;
				CLANG_WARN_BOOL_CONVERSION = YES;
				CLANG_WARN_COMMA = YES;
				CLANG_WARN_CONSTANT_CONVERSION = YES;
				CLANG_WARN_DEPRECATED_OBJC_IMPLEMENTATIONS = YES;
				CLANG_WARN_DIRECT_OBJC_ISA_USAGE = YES_ERROR;
				CLANG_WARN_DOCUMENTATION_COMMENTS = YES;
				CLANG_WARN_EMPTY_BODY = YES;
				CLANG_WARN_ENUM_CONVERSION = YES;
				CLANG_WARN_INFINITE_RECURSION = YES;
				CLANG_WARN_INT_CONVERSION = YES;
				CLANG_WARN_NON_LITERAL_NULL_CONVERSION = YES;
				CLANG_WARN_OBJC_IMPLICIT_RETAIN_SELF = YES;
				CLANG_WARN_OBJC_LITERAL_CONVERSION = YES;
				CLANG_WARN_OBJC_ROOT_CLASS = YES_ERROR;
				CLANG_WARN_RANGE_LOOP_ANALYSIS = YES;
				CLANG_WARN_STRICT_PROTOTYPES = YES;
				CLANG_WARN_SUSPICIOUS_MOVE = YES;
				CLANG_WARN_UNGUARDED_AVAILABILITY = YES_AGGRESSIVE;
				CLANG_WARN_UNREACHABLE_CODE = YES;
				CLANG_WARN__DUPLICATE_METHOD_MATCH = YES;
				COPY_PHASE_STRIP = NO;
				DEBUG_INFORMATION_FORMAT = dwarf;
				ENABLE_STRICT_OBJC_MSGSEND = YES;
				ENABLE_TESTABILITY = YES;
				GCC_C_LANGUAGE_STANDARD = gnu11;
				GCC_DYNAMIC_NO_PIC = NO;
				GCC_NO_COMMON_BLOCKS = YES;
				GCC_OPTIMIZATION_LEVEL = 0;
				GCC_PREPROCESSOR_DEFINITIONS = (
					"DEBUG=1",
					"$(inherited)",
				);
				GCC_WARN_64_TO_32_BIT_CONVERSION = YES;
				GCC_WARN_ABOUT_RETURN_TYPE = YES_ERROR;
				GCC_WARN_UNDECLARED_SELECTOR = YES;
				GCC_WARN_UNINITIALIZED_AUTOS = YES_AGGRESSIVE;
				GCC_WARN_UNUSED_FUNCTION = YES;
				GCC_WARN_UNUSED_VARIABLE = YES;
				IPHONEOS_DEPLOYMENT_TARGET = 13.2;
				MTL_ENABLE_DEBUG_INFO = INCLUDE_SOURCE;
				MTL_FAST_MATH = YES;
				ONLY_ACTIVE_ARCH = YES;
				SDKROOT = iphoneos;
				SWIFT_ACTIVE_COMPILATION_CONDITIONS = DEBUG;
				SWIFT_OPTIMIZATION_LEVEL = "-Onone";
			};
			name = Debug;
		};
		2EA01E9E23B5608400B38C64 /* Release */ = {
			isa = XCBuildConfiguration;
			buildSettings = {
				ALWAYS_SEARCH_USER_PATHS = NO;
				CLANG_ANALYZER_NONNULL = YES;
				CLANG_ANALYZER_NUMBER_OBJECT_CONVERSION = YES_AGGRESSIVE;
				CLANG_CXX_LANGUAGE_STANDARD = "gnu++14";
				CLANG_CXX_LIBRARY = "libc++";
				CLANG_ENABLE_MODULES = YES;
				CLANG_ENABLE_OBJC_ARC = YES;
				CLANG_ENABLE_OBJC_WEAK = YES;
				CLANG_WARN_BLOCK_CAPTURE_AUTORELEASING = YES;
				CLANG_WARN_BOOL_CONVERSION = YES;
				CLANG_WARN_COMMA = YES;
				CLANG_WARN_CONSTANT_CONVERSION = YES;
				CLANG_WARN_DEPRECATED_OBJC_IMPLEMENTATIONS = YES;
				CLANG_WARN_DIRECT_OBJC_ISA_USAGE = YES_ERROR;
				CLANG_WARN_DOCUMENTATION_COMMENTS = YES;
				CLANG_WARN_EMPTY_BODY = YES;
				CLANG_WARN_ENUM_CONVERSION = YES;
				CLANG_WARN_INFINITE_RECURSION = YES;
				CLANG_WARN_INT_CONVERSION = YES;
				CLANG_WARN_NON_LITERAL_NULL_CONVERSION = YES;
				CLANG_WARN_OBJC_IMPLICIT_RETAIN_SELF = YES;
				CLANG_WARN_OBJC_LITERAL_CONVERSION = YES;
				CLANG_WARN_OBJC_ROOT_CLASS = YES_ERROR;
				CLANG_WARN_RANGE_LOOP_ANALYSIS = YES;
				CLANG_WARN_STRICT_PROTOTYPES = YES;
				CLANG_WARN_SUSPICIOUS_MOVE = YES;
				CLANG_WARN_UNGUARDED_AVAILABILITY = YES_AGGRESSIVE;
				CLANG_WARN_UNREACHABLE_CODE = YES;
				CLANG_WARN__DUPLICATE_METHOD_MATCH = YES;
				COPY_PHASE_STRIP = NO;
				DEBUG_INFORMATION_FORMAT = "dwarf-with-dsym";
				ENABLE_NS_ASSERTIONS = NO;
				ENABLE_STRICT_OBJC_MSGSEND = YES;
				GCC_C_LANGUAGE_STANDARD = gnu11;
				GCC_NO_COMMON_BLOCKS = YES;
				GCC_WARN_64_TO_32_BIT_CONVERSION = YES;
				GCC_WARN_ABOUT_RETURN_TYPE = YES_ERROR;
				GCC_WARN_UNDECLARED_SELECTOR = YES;
				GCC_WARN_UNINITIALIZED_AUTOS = YES_AGGRESSIVE;
				GCC_WARN_UNUSED_FUNCTION = YES;
				GCC_WARN_UNUSED_VARIABLE = YES;
				IPHONEOS_DEPLOYMENT_TARGET = 13.2;
				MTL_ENABLE_DEBUG_INFO = NO;
				MTL_FAST_MATH = YES;
				SDKROOT = iphoneos;
				SWIFT_COMPILATION_MODE = wholemodule;
				SWIFT_OPTIMIZATION_LEVEL = "-O";
				VALIDATE_PRODUCT = YES;
			};
			name = Release;
		};
		2EA01EA023B5608400B38C64 /* Debug */ = {
			isa = XCBuildConfiguration;
			baseConfigurationReference = EBEAC0BDA4A9977B8049E498 /* Pods-uFail.debug.xcconfig */;
			buildSettings = {
				ASSETCATALOG_COMPILER_APPICON_NAME = AppIcon;
				CODE_SIGN_STYLE = Automatic;
				DEVELOPMENT_TEAM = MCRTE5CC2K;
				INFOPLIST_FILE = uFail/Info.plist;
				IPHONEOS_DEPLOYMENT_TARGET = 9.0;
				LD_RUNPATH_SEARCH_PATHS = (
					"$(inherited)",
					"@executable_path/Frameworks",
				);
				PRODUCT_BUNDLE_IDENTIFIER = com.domain.uFail;
				PRODUCT_NAME = "$(TARGET_NAME)";
				SWIFT_VERSION = 5.0;
				TARGETED_DEVICE_FAMILY = "1,2";
			};
			name = Debug;
		};
		2EA01EA123B5608400B38C64 /* Release */ = {
			isa = XCBuildConfiguration;
			baseConfigurationReference = EA5F98FB927BAA08AD77703B /* Pods-uFail.release.xcconfig */;
			buildSettings = {
				ASSETCATALOG_COMPILER_APPICON_NAME = AppIcon;
				CODE_SIGN_STYLE = Automatic;
				DEVELOPMENT_TEAM = MCRTE5CC2K;
				INFOPLIST_FILE = uFail/Info.plist;
				IPHONEOS_DEPLOYMENT_TARGET = 9.0;
				LD_RUNPATH_SEARCH_PATHS = (
					"$(inherited)",
					"@executable_path/Frameworks",
				);
				PRODUCT_BUNDLE_IDENTIFIER = com.domain.uFail;
				PRODUCT_NAME = "$(TARGET_NAME)";
				SWIFT_VERSION = 5.0;
				TARGETED_DEVICE_FAMILY = "1,2";
			};
			name = Release;
		};
		2EA01EA323B5608400B38C64 /* Debug */ = {
			isa = XCBuildConfiguration;
			baseConfigurationReference = 49E26C975EA715258286D4A0 /* Pods-uFailTests.debug.xcconfig */;
			buildSettings = {
				ALWAYS_EMBED_SWIFT_STANDARD_LIBRARIES = YES;
				BUNDLE_LOADER = "$(TEST_HOST)";
				CODE_SIGN_STYLE = Automatic;
				DEVELOPMENT_TEAM = MCRTE5CC2K;
				INFOPLIST_FILE = uFailTests/Info.plist;
				IPHONEOS_DEPLOYMENT_TARGET = 13.2;
				LD_RUNPATH_SEARCH_PATHS = (
					"$(inherited)",
					"@executable_path/Frameworks",
					"@loader_path/Frameworks",
				);
				PRODUCT_BUNDLE_IDENTIFIER = com.domain.uFailTests;
				PRODUCT_NAME = "$(TARGET_NAME)";
				SWIFT_VERSION = 5.0;
				TARGETED_DEVICE_FAMILY = "1,2";
				TEST_HOST = "$(BUILT_PRODUCTS_DIR)/uFail.app/uFail";
			};
			name = Debug;
		};
		2EA01EA423B5608400B38C64 /* Release */ = {
			isa = XCBuildConfiguration;
			baseConfigurationReference = 84F406B4C48A2FE0D70C7007 /* Pods-uFailTests.release.xcconfig */;
			buildSettings = {
				ALWAYS_EMBED_SWIFT_STANDARD_LIBRARIES = YES;
				BUNDLE_LOADER = "$(TEST_HOST)";
				CODE_SIGN_STYLE = Automatic;
				DEVELOPMENT_TEAM = MCRTE5CC2K;
				INFOPLIST_FILE = uFailTests/Info.plist;
				IPHONEOS_DEPLOYMENT_TARGET = 13.2;
				LD_RUNPATH_SEARCH_PATHS = (
					"$(inherited)",
					"@executable_path/Frameworks",
					"@loader_path/Frameworks",
				);
				PRODUCT_BUNDLE_IDENTIFIER = com.domain.uFailTests;
				PRODUCT_NAME = "$(TARGET_NAME)";
				SWIFT_VERSION = 5.0;
				TARGETED_DEVICE_FAMILY = "1,2";
				TEST_HOST = "$(BUILT_PRODUCTS_DIR)/uFail.app/uFail";
			};
			name = Release;
		};
		2EA01EA623B5608400B38C64 /* Debug */ = {
			isa = XCBuildConfiguration;
			buildSettings = {
				ALWAYS_EMBED_SWIFT_STANDARD_LIBRARIES = YES;
				CODE_SIGN_STYLE = Automatic;
				DEVELOPMENT_TEAM = MCRTE5CC2K;
				INFOPLIST_FILE = uFailUITests/Info.plist;
				LD_RUNPATH_SEARCH_PATHS = (
					"$(inherited)",
					"@executable_path/Frameworks",
					"@loader_path/Frameworks",
				);
				PRODUCT_BUNDLE_IDENTIFIER = com.domain.uFailUITests;
				PRODUCT_NAME = "$(TARGET_NAME)";
				SWIFT_VERSION = 5.0;
				TARGETED_DEVICE_FAMILY = "1,2";
				TEST_TARGET_NAME = uFail;
			};
			name = Debug;
		};
		2EA01EA723B5608400B38C64 /* Release */ = {
			isa = XCBuildConfiguration;
			buildSettings = {
				ALWAYS_EMBED_SWIFT_STANDARD_LIBRARIES = YES;
				CODE_SIGN_STYLE = Automatic;
				DEVELOPMENT_TEAM = MCRTE5CC2K;
				INFOPLIST_FILE = uFailUITests/Info.plist;
				LD_RUNPATH_SEARCH_PATHS = (
					"$(inherited)",
					"@executable_path/Frameworks",
					"@loader_path/Frameworks",
				);
				PRODUCT_BUNDLE_IDENTIFIER = com.domain.uFailUITests;
				PRODUCT_NAME = "$(TARGET_NAME)";
				SWIFT_VERSION = 5.0;
				TARGETED_DEVICE_FAMILY = "1,2";
				TEST_TARGET_NAME = uFail;
			};
			name = Release;
		};
/* End XCBuildConfiguration section */

/* Begin XCConfigurationList section */
		2EA01E7023B5608300B38C64 /* Build configuration list for PBXProject "uFail" */ = {
			isa = XCConfigurationList;
			buildConfigurations = (
				2EA01E9D23B5608400B38C64 /* Debug */,
				2EA01E9E23B5608400B38C64 /* Release */,
			);
			defaultConfigurationIsVisible = 0;
			defaultConfigurationName = Release;
		};
		2EA01E9F23B5608400B38C64 /* Build configuration list for PBXNativeTarget "uFail" */ = {
			isa = XCConfigurationList;
			buildConfigurations = (
				2EA01EA023B5608400B38C64 /* Debug */,
				2EA01EA123B5608400B38C64 /* Release */,
			);
			defaultConfigurationIsVisible = 0;
			defaultConfigurationName = Release;
		};
		2EA01EA223B5608400B38C64 /* Build configuration list for PBXNativeTarget "uFailTests" */ = {
			isa = XCConfigurationList;
			buildConfigurations = (
				2EA01EA323B5608400B38C64 /* Debug */,
				2EA01EA423B5608400B38C64 /* Release */,
			);
			defaultConfigurationIsVisible = 0;
			defaultConfigurationName = Release;
		};
		2EA01EA523B5608400B38C64 /* Build configuration list for PBXNativeTarget "uFailUITests" */ = {
			isa = XCConfigurationList;
			buildConfigurations = (
				2EA01EA623B5608400B38C64 /* Debug */,
				2EA01EA723B5608400B38C64 /* Release */,
			);
			defaultConfigurationIsVisible = 0;
			defaultConfigurationName = Release;
		};
/* End XCConfigurationList section */
	};
	rootObject = 2EA01E6D23B5608300B38C64 /* Project object */;
}
